{
  "version": 4,
  "terraform_version": "1.5.7",
  "serial": 48,
  "lineage": "61432e2e-7488-d27f-4a86-c215e7dfe5ee",
  "outputs": {},
  "resources": [
    {
      "mode": "managed",
      "type": "azurerm_app_service_connection",
      "name": "platform_db_connector",
      "provider": "provider[\"registry.terraform.io/hashicorp/azurerm\"]",
      "instances": []
    },
    {
      "mode": "managed",
      "type": "azurerm_container_app",
      "name": "platform",
      "provider": "provider[\"registry.terraform.io/hashicorp/azurerm\"]",
      "instances": []
    },
    {
      "mode": "managed",
      "type": "azurerm_container_app_environment",
      "name": "platform",
      "provider": "provider[\"registry.terraform.io/hashicorp/azurerm\"]",
      "instances": [
        {
          "schema_version": 0,
          "attributes": {
            "dapr_application_insights_connection_string": "",
            "default_domain": "salmonhill-55e3a491.eastus2.azurecontainerapps.io",
            "docker_bridge_cidr": "",
            "id": "/subscriptions/8739f36d-486d-45cf-aa9e-28febb42fd1e/resourceGroups/rg-platform-staging-eastus2/providers/Microsoft.App/managedEnvironments/container-app-environment-platform-staging-eastus2",
            "infrastructure_subnet_id": "",
            "internal_load_balancer_enabled": false,
            "location": "eastus2",
            "log_analytics_workspace_id": "/subscriptions/8739f36d-486d-45cf-aa9e-28febb42fd1e/resourceGroups/rg-platform-staging-eastus2/providers/Microsoft.OperationalInsights/workspaces/log-platform-staging-eastus2",
            "name": "container-app-environment-platform-staging-eastus2",
            "platform_reserved_cidr": "",
            "platform_reserved_dns_ip_address": "",
            "resource_group_name": "rg-platform-staging-eastus2",
            "static_ip_address": "20.44.74.154",
            "tags": {
              "app": "platform",
              "environment": "staging"
            },
            "timeouts": null
          },
          "sensitive_attributes": [],
          "private": "eyJlMmJmYjczMC1lY2FhLTExZTYtOGY4OC0zNDM2M2JjN2M0YzAiOnsiY3JlYXRlIjoxODAwMDAwMDAwMDAwLCJkZWxldGUiOjE4MDAwMDAwMDAwMDAsInJlYWQiOjMwMDAwMDAwMDAwMCwidXBkYXRlIjoxODAwMDAwMDAwMDAwfX0=",
          "dependencies": [
            "azurerm_log_analytics_workspace.platform",
            "azurerm_resource_group.platform"
          ]
        }
      ]
    },
    {
      "mode": "managed",
      "type": "azurerm_log_analytics_workspace",
      "name": "platform",
      "provider": "provider[\"registry.terraform.io/hashicorp/azurerm\"]",
      "instances": [
        {
          "schema_version": 3,
          "attributes": {
            "allow_resource_only_permissions": true,
            "cmk_for_query_forced": false,
            "daily_quota_gb": -1,
            "id": "/subscriptions/8739f36d-486d-45cf-aa9e-28febb42fd1e/resourceGroups/rg-platform-staging-eastus2/providers/Microsoft.OperationalInsights/workspaces/log-platform-staging-eastus2",
            "internet_ingestion_enabled": true,
            "internet_query_enabled": true,
            "local_authentication_disabled": false,
            "location": "eastus2",
            "name": "log-platform-staging-eastus2",
            "primary_shared_key": "5n8sMZuM4bF8BCV5/Z25IbbtVRLs9XaPieUdssz0YWnUjgH9PXYQ96xPzm1IRkTDSsKhLjCml3ROpnQurcpdLA==",
            "reservation_capacity_in_gb_per_day": null,
            "resource_group_name": "rg-platform-staging-eastus2",
            "retention_in_days": 90,
            "secondary_shared_key": "j9og4RmNgEgMIWiVtp3LgzE2iEeYKWEopSsRwqNqMk2RwVukSu3wp0tUdLbNaG40UcwebTzVRpOvlflBiMdC0g==",
            "sku": "PerGB2018",
            "tags": {
              "app": "platform",
              "environment": "staging"
            },
            "timeouts": null,
            "workspace_id": "58380d1b-404f-45e5-9822-9996c25ed102"
          },
          "sensitive_attributes": [],
          "private": "eyJlMmJmYjczMC1lY2FhLTExZTYtOGY4OC0zNDM2M2JjN2M0YzAiOnsiY3JlYXRlIjoxODAwMDAwMDAwMDAwLCJkZWxldGUiOjE4MDAwMDAwMDAwMDAsInJlYWQiOjMwMDAwMDAwMDAwMCwidXBkYXRlIjoxODAwMDAwMDAwMDAwfSwic2NoZW1hX3ZlcnNpb24iOiIzIn0=",
          "dependencies": [
            "azurerm_resource_group.platform"
          ]
        }
      ]
    },
    {
      "mode": "managed",
      "type": "azurerm_postgresql_flexible_server",
      "name": "platform_database",
      "provider": "provider[\"registry.terraform.io/hashicorp/azurerm\"]",
      "instances": [
        {
          "schema_version": 0,
          "attributes": {
            "administrator_login": "",
            "administrator_password": null,
            "authentication": [
              {
                "active_directory_auth_enabled": true,
                "password_auth_enabled": false,
                "tenant_id": "d09c5fc5-31f0-4306-ba84-0540d587456c"
              }
            ],
            "auto_grow_enabled": true,
            "backup_retention_days": 35,
            "create_mode": null,
            "customer_managed_key": [],
            "delegated_subnet_id": "/subscriptions/8739f36d-486d-45cf-aa9e-28febb42fd1e/resourceGroups/rg-platform-staging-eastus2/providers/Microsoft.Network/virtualNetworks/platform-vnet-platform-staging-eastus2/subnets/storage-platform-staging-eastus2",
            "fqdn": "platform-psqlflexibleserver-platform-staging-eastus2.postgres.database.azure.com",
            "geo_redundant_backup_enabled": true,
            "high_availability": [],
            "id": "/subscriptions/8739f36d-486d-45cf-aa9e-28febb42fd1e/resourceGroups/rg-platform-staging-eastus2/providers/Microsoft.DBforPostgreSQL/flexibleServers/platform-psqlflexibleserver-platform-staging-eastus2",
            "identity": [],
            "location": "eastus2",
            "maintenance_window": [],
            "name": "platform-psqlflexibleserver-platform-staging-eastus2",
            "point_in_time_restore_time_in_utc": null,
            "private_dns_zone_id": "/subscriptions/8739f36d-486d-45cf-aa9e-28febb42fd1e/resourceGroups/rg-platform-staging-eastus2/providers/Microsoft.Network/privateDnsZones/platform-staging-eastus2-platform-database.postgres.database.azure.com",
            "public_network_access_enabled": false,
            "replication_role": "",
            "resource_group_name": "rg-platform-staging-eastus2",
            "sku_name": "B_Standard_B1ms",
            "source_server_id": null,
            "storage_mb": 32768,
            "tags": {
              "app": "platform",
              "environment": "staging"
            },
            "timeouts": null,
            "version": "15",
            "zone": ""
          },
          "sensitive_attributes": [],
          "private": "eyJlMmJmYjczMC1lY2FhLTExZTYtOGY4OC0zNDM2M2JjN2M0YzAiOnsiY3JlYXRlIjozNjAwMDAwMDAwMDAwLCJkZWxldGUiOjM2MDAwMDAwMDAwMDAsInJlYWQiOjMwMDAwMDAwMDAwMCwidXBkYXRlIjozNjAwMDAwMDAwMDAwfX0=",
          "dependencies": [
            "azurerm_private_dns_zone.database_zone",
            "azurerm_private_dns_zone_virtual_network_link.database_zone_link",
            "azurerm_resource_group.platform",
            "azurerm_subnet.postgres_storage_subnet"
          ]
        }
      ]
    },
    {
      "mode": "managed",
      "type": "azurerm_postgresql_flexible_server_database",
      "name": "platform_database",
      "provider": "provider[\"registry.terraform.io/hashicorp/azurerm\"]",
      "instances": [
        {
          "schema_version": 0,
          "attributes": {
            "charset": "UTF8",
            "collation": "en_US.utf8",
            "id": "/subscriptions/8739f36d-486d-45cf-aa9e-28febb42fd1e/resourceGroups/rg-platform-staging-eastus2/providers/Microsoft.DBforPostgreSQL/flexibleServers/platform-psqlflexibleserver-platform-staging-eastus2/databases/platform-staging",
            "name": "platform-staging",
            "server_id": "/subscriptions/8739f36d-486d-45cf-aa9e-28febb42fd1e/resourceGroups/rg-platform-staging-eastus2/providers/Microsoft.DBforPostgreSQL/flexibleServers/platform-psqlflexibleserver-platform-staging-eastus2",
            "timeouts": null
          },
          "sensitive_attributes": [],
          "private": "eyJlMmJmYjczMC1lY2FhLTExZTYtOGY4OC0zNDM2M2JjN2M0YzAiOnsiY3JlYXRlIjoxODAwMDAwMDAwMDAwLCJkZWxldGUiOjE4MDAwMDAwMDAwMDAsInJlYWQiOjMwMDAwMDAwMDAwMH19",
          "dependencies": [
            "azurerm_postgresql_flexible_server.platform_database",
            "azurerm_private_dns_zone.database_zone",
            "azurerm_private_dns_zone_virtual_network_link.database_zone_link",
            "azurerm_resource_group.platform",
            "azurerm_subnet.postgres_storage_subnet",
            "azurerm_virtual_network.vnet"
          ]
        }
      ]
    },
    {
      "mode": "managed",
      "type": "azurerm_private_dns_zone",
      "name": "database_zone",
      "provider": "provider[\"registry.terraform.io/hashicorp/azurerm\"]",
      "instances": [
        {
          "schema_version": 0,
          "attributes": {
            "id": "/subscriptions/8739f36d-486d-45cf-aa9e-28febb42fd1e/resourceGroups/rg-platform-staging-eastus2/providers/Microsoft.Network/privateDnsZones/platform-staging-eastus2-platform-database.postgres.database.azure.com",
            "max_number_of_record_sets": 25000,
            "max_number_of_virtual_network_links": 1000,
            "max_number_of_virtual_network_links_with_registration": 100,
            "name": "platform-staging-eastus2-platform-database.postgres.database.azure.com",
            "number_of_record_sets": 2,
            "resource_group_name": "rg-platform-staging-eastus2",
            "soa_record": [
              {
                "email": "azureprivatedns-host.microsoft.com",
                "expire_time": 2419200,
                "fqdn": "platform-staging-eastus2-platform-database.postgres.database.azure.com.",
                "host_name": "azureprivatedns.net",
                "minimum_ttl": 10,
                "refresh_time": 3600,
                "retry_time": 300,
                "serial_number": 1,
                "tags": {},
                "ttl": 3600
              }
            ],
            "tags": {
              "app": "platform",
              "environment": "staging"
            },
            "timeouts": null
          },
          "sensitive_attributes": [],
          "private": "eyJlMmJmYjczMC1lY2FhLTExZTYtOGY4OC0zNDM2M2JjN2M0YzAiOnsiY3JlYXRlIjoxODAwMDAwMDAwMDAwLCJkZWxldGUiOjE4MDAwMDAwMDAwMDAsInJlYWQiOjMwMDAwMDAwMDAwMCwidXBkYXRlIjoxODAwMDAwMDAwMDAwfX0=",
          "dependencies": [
            "azurerm_resource_group.platform"
          ]
        }
      ]
    },
    {
      "mode": "managed",
      "type": "azurerm_private_dns_zone_virtual_network_link",
      "name": "database_zone_link",
      "provider": "provider[\"registry.terraform.io/hashicorp/azurerm\"]",
      "instances": [
        {
          "schema_version": 0,
          "attributes": {
            "id": "/subscriptions/8739f36d-486d-45cf-aa9e-28febb42fd1e/resourceGroups/rg-platform-staging-eastus2/providers/Microsoft.Network/privateDnsZones/platform-staging-eastus2-platform-database.postgres.database.azure.com/virtualNetworkLinks/database-zone-link-platform-staging-eastus2",
            "name": "database-zone-link-platform-staging-eastus2",
            "private_dns_zone_name": "platform-staging-eastus2-platform-database.postgres.database.azure.com",
            "registration_enabled": false,
            "resource_group_name": "rg-platform-staging-eastus2",
            "tags": {
              "app": "platform",
              "environment": "staging"
            },
            "timeouts": null,
            "virtual_network_id": "/subscriptions/8739f36d-486d-45cf-aa9e-28febb42fd1e/resourceGroups/rg-platform-staging-eastus2/providers/Microsoft.Network/virtualNetworks/platform-vnet-platform-staging-eastus2"
          },
          "sensitive_attributes": [],
          "private": "eyJlMmJmYjczMC1lY2FhLTExZTYtOGY4OC0zNDM2M2JjN2M0YzAiOnsiY3JlYXRlIjoxODAwMDAwMDAwMDAwLCJkZWxldGUiOjE4MDAwMDAwMDAwMDAsInJlYWQiOjMwMDAwMDAwMDAwMCwidXBkYXRlIjoxODAwMDAwMDAwMDAwfX0=",
          "dependencies": [
            "azurerm_private_dns_zone.database_zone",
            "azurerm_resource_group.platform",
            "azurerm_virtual_network.vnet"
          ]
        }
      ]
    },
    {
      "mode": "managed",
      "type": "azurerm_resource_group",
      "name": "core",
      "provider": "provider[\"registry.terraform.io/hashicorp/azurerm\"]",
      "instances": [
        {
          "schema_version": 0,
          "attributes": {
            "id": "/subscriptions/8739f36d-486d-45cf-aa9e-28febb42fd1e/resourceGroups/core",
            "location": "eastus2",
            "managed_by": "",
            "name": "core",
            "tags": {},
            "timeouts": null
          },
          "sensitive_attributes": [],
          "private": "eyJlMmJmYjczMC1lY2FhLTExZTYtOGY4OC0zNDM2M2JjN2M0YzAiOnsiY3JlYXRlIjo1NDAwMDAwMDAwMDAwLCJkZWxldGUiOjU0MDAwMDAwMDAwMDAsInJlYWQiOjMwMDAwMDAwMDAwMCwidXBkYXRlIjo1NDAwMDAwMDAwMDAwfX0="
        }
      ]
    },
    {
      "mode": "managed",
      "type": "azurerm_resource_group",
      "name": "platform",
      "provider": "provider[\"registry.terraform.io/hashicorp/azurerm\"]",
      "instances": [
        {
          "schema_version": 0,
          "attributes": {
            "id": "/subscriptions/8739f36d-486d-45cf-aa9e-28febb42fd1e/resourceGroups/rg-platform-staging-eastus2",
            "location": "eastus2",
            "managed_by": "",
            "name": "rg-platform-staging-eastus2",
            "tags": {},
            "timeouts": null
          },
          "sensitive_attributes": [],
          "private": "eyJlMmJmYjczMC1lY2FhLTExZTYtOGY4OC0zNDM2M2JjN2M0YzAiOnsiY3JlYXRlIjo1NDAwMDAwMDAwMDAwLCJkZWxldGUiOjU0MDAwMDAwMDAwMDAsInJlYWQiOjMwMDAwMDAwMDAwMCwidXBkYXRlIjo1NDAwMDAwMDAwMDAwfX0="
        }
      ]
    },
    {
      "mode": "managed",
      "type": "azurerm_subnet",
      "name": "postgres_storage_subnet",
      "provider": "provider[\"registry.terraform.io/hashicorp/azurerm\"]",
      "instances": [
        {
          "schema_version": 0,
          "attributes": {
            "address_prefixes": [
              "10.0.2.0/24"
            ],
            "delegation": [
              {
                "name": "fs",
                "service_delegation": [
                  {
                    "actions": [
                      "Microsoft.Network/virtualNetworks/subnets/join/action"
                    ],
                    "name": "Microsoft.DBforPostgreSQL/flexibleServers"
                  }
                ]
              }
            ],
            "enforce_private_link_endpoint_network_policies": false,
            "enforce_private_link_service_network_policies": false,
            "id": "/subscriptions/8739f36d-486d-45cf-aa9e-28febb42fd1e/resourceGroups/rg-platform-staging-eastus2/providers/Microsoft.Network/virtualNetworks/platform-vnet-platform-staging-eastus2/subnets/storage-platform-staging-eastus2",
            "name": "storage-platform-staging-eastus2",
            "private_endpoint_network_policies_enabled": true,
            "private_link_service_network_policies_enabled": true,
            "resource_group_name": "rg-platform-staging-eastus2",
            "service_endpoint_policy_ids": [],
            "service_endpoints": [
              "Microsoft.Storage"
            ],
            "timeouts": null,
            "virtual_network_name": "platform-vnet-platform-staging-eastus2"
          },
          "sensitive_attributes": [],
          "private": "eyJlMmJmYjczMC1lY2FhLTExZTYtOGY4OC0zNDM2M2JjN2M0YzAiOnsiY3JlYXRlIjoxODAwMDAwMDAwMDAwLCJkZWxldGUiOjE4MDAwMDAwMDAwMDAsInJlYWQiOjMwMDAwMDAwMDAwMCwidXBkYXRlIjoxODAwMDAwMDAwMDAwfX0=",
          "dependencies": [
            "azurerm_resource_group.platform",
            "azurerm_virtual_network.vnet"
          ]
        }
      ]
    },
    {
      "mode": "managed",
      "type": "azurerm_virtual_network",
      "name": "vnet",
      "provider": "provider[\"registry.terraform.io/hashicorp/azurerm\"]",
      "instances": [
        {
          "schema_version": 0,
          "attributes": {
            "address_space": [
              "10.0.0.0/16"
            ],
            "bgp_community": "",
            "ddos_protection_plan": [],
            "dns_servers": [],
            "edge_zone": "",
            "encryption": [],
            "flow_timeout_in_minutes": 0,
            "guid": "2d90b7fd-ae9e-4732-ac76-725045eabae2",
            "id": "/subscriptions/8739f36d-486d-45cf-aa9e-28febb42fd1e/resourceGroups/rg-platform-staging-eastus2/providers/Microsoft.Network/virtualNetworks/platform-vnet-platform-staging-eastus2",
            "location": "eastus2",
            "name": "platform-vnet-platform-staging-eastus2",
            "resource_group_name": "rg-platform-staging-eastus2",
            "subnet": [
              {
                "address_prefix": "10.0.2.0/24",
                "id": "/subscriptions/8739f36d-486d-45cf-aa9e-28febb42fd1e/resourceGroups/rg-platform-staging-eastus2/providers/Microsoft.Network/virtualNetworks/platform-vnet-platform-staging-eastus2/subnets/storage-platform-staging-eastus2",
                "name": "storage-platform-staging-eastus2",
                "security_group": ""
              }
            ],
            "tags": {
              "app": "platform",
              "environment": "staging"
            },
            "timeouts": null
          },
          "sensitive_attributes": [],
          "private": "eyJlMmJmYjczMC1lY2FhLTExZTYtOGY4OC0zNDM2M2JjN2M0YzAiOnsiY3JlYXRlIjoxODAwMDAwMDAwMDAwLCJkZWxldGUiOjE4MDAwMDAwMDAwMDAsInJlYWQiOjMwMDAwMDAwMDAwMCwidXBkYXRlIjoxODAwMDAwMDAwMDAwfX0=",
          "dependencies": [
            "azurerm_resource_group.platform"
          ]
        }
      ]
    },
    {
      "mode": "managed",
      "type": "random_string",
      "name": "cluster_secret",
      "provider": "provider[\"registry.terraform.io/hashicorp/random\"]",
      "instances": [
        {
          "schema_version": 2,
          "attributes": {
            "id": "Hd}7_h:[]b1d??g#a]p}(U7079q@seHbvehqLNwTlx:nU+LFkfA=Sw93Sk5nOd7x",
            "keepers": null,
            "length": 64,
            "lower": true,
            "min_lower": 0,
            "min_numeric": 0,
            "min_special": 0,
            "min_upper": 0,
            "number": true,
            "numeric": true,
            "override_special": null,
            "result": "Hd}7_h:[]b1d??g#a]p}(U7079q@seHbvehqLNwTlx:nU+LFkfA=Sw93Sk5nOd7x",
            "special": true,
            "upper": true
          },
          "sensitive_attributes": []
        }
      ]
    },
    {
      "mode": "managed",
      "type": "random_string",
      "name": "cookie_signing_salt",
      "provider": "provider[\"registry.terraform.io/hashicorp/random\"]",
      "instances": [
        {
          "schema_version": 2,
          "attributes": {
            "id": "e(t3}QUY!7Pz?Kuau33#_D2sUP%rVm7p#i9m!JdmHcHY\u003eju_vVzl]y\u003eUpsS=[6z:",
            "keepers": null,
            "length": 64,
            "lower": true,
            "min_lower": 0,
            "min_numeric": 0,
            "min_special": 0,
            "min_upper": 0,
            "number": true,
            "numeric": true,
            "override_special": null,
            "result": "e(t3}QUY!7Pz?Kuau33#_D2sUP%rVm7p#i9m!JdmHcHY\u003eju_vVzl]y\u003eUpsS=[6z:",
            "special": true,
            "upper": true
          },
          "sensitive_attributes": []
        }
      ]
    },
    {
      "mode": "managed",
      "type": "random_string",
      "name": "secret_key_base",
      "provider": "provider[\"registry.terraform.io/hashicorp/random\"]",
      "instances": [
        {
          "schema_version": 2,
          "attributes": {
            "id": "3kkTb:$(-s-zaEG#v?!J}!QM!Z[oPEEdblyqpYs{15UzJfeU)(KrWnVO\u0026)vH1T?D",
            "keepers": null,
            "length": 64,
            "lower": true,
            "min_lower": 0,
            "min_numeric": 0,
            "min_special": 0,
            "min_upper": 0,
            "number": true,
            "numeric": true,
            "override_special": null,
            "result": "3kkTb:$(-s-zaEG#v?!J}!QM!Z[oPEEdblyqpYs{15UzJfeU)(KrWnVO\u0026)vH1T?D",
            "special": true,
            "upper": true
          },
          "sensitive_attributes": []
        }
      ]
    }
  ],
  "check_results": null
}
