{
  "version": 4,
  "terraform_version": "1.5.7",
  "serial": 8,
  "lineage": "61432e2e-7488-d27f-4a86-c215e7dfe5ee",
  "outputs": {},
  "resources": [
    {
      "mode": "managed",
      "type": "azurerm_log_analytics_workspace",
      "name": "log_analytics_workspace",
      "provider": "provider[\"registry.terraform.io/hashicorp/azurerm\"]",
      "instances": [
        {
          "schema_version": 3,
          "attributes": {
            "allow_resource_only_permissions": true,
            "cmk_for_query_forced": false,
            "daily_quota_gb": -1,
            "id": "/subscriptions/8739f36d-486d-45cf-aa9e-28febb42fd1e/resourceGroups/staging-v2/providers/Microsoft.OperationalInsights/workspaces/atlos-staging-v1-platform-log-analytics-workspace",
            "internet_ingestion_enabled": true,
            "internet_query_enabled": true,
            "local_authentication_disabled": false,
            "location": "eastus2",
            "name": "atlos-staging-v1-platform-log-analytics-workspace",
            "primary_shared_key": "c4Per2uie5fEwjxSG+iJGl6GZZOdhVe9E8FGFVz/Z5jR0zdqw9KiM1hX5EgvqL0b0s/VOaoV7GCFnb+NT+Widw==",
            "reservation_capacity_in_gb_per_day": null,
            "resource_group_name": "staging-v2",
            "retention_in_days": 90,
            "secondary_shared_key": "w3xQxDYgiwqi3O+xwetHY9zpDkdF+eG5NzlbchXrTNRKwpboit1tkZwsOdwTlv41AhG35QnBQRIKGRyWbuc1pg==",
            "sku": "PerGB2018",
            "tags": null,
            "timeouts": null,
            "workspace_id": "7180f6f9-220e-46ca-ba17-f687014f5d25"
          },
          "sensitive_attributes": [],
          "private": "eyJlMmJmYjczMC1lY2FhLTExZTYtOGY4OC0zNDM2M2JjN2M0YzAiOnsiY3JlYXRlIjoxODAwMDAwMDAwMDAwLCJkZWxldGUiOjE4MDAwMDAwMDAwMDAsInJlYWQiOjMwMDAwMDAwMDAwMCwidXBkYXRlIjoxODAwMDAwMDAwMDAwfSwic2NoZW1hX3ZlcnNpb24iOiIzIn0=",
          "dependencies": [
            "azurerm_resource_group.rg"
          ]
        }
      ]
    },
    {
      "mode": "managed",
      "type": "azurerm_postgresql_flexible_server",
      "name": "platform_database",
      "provider": "provider[\"registry.terraform.io/hashicorp/azurerm\"]",
      "instances": [
        {
          "schema_version": 0,
          "attributes": {
            "administrator_login": "",
            "administrator_password": null,
            "authentication": [
              {
                "active_directory_auth_enabled": true,
                "password_auth_enabled": false,
                "tenant_id": "d09c5fc5-31f0-4306-ba84-0540d587456c"
              }
            ],
            "auto_grow_enabled": true,
            "backup_retention_days": 35,
            "create_mode": null,
            "customer_managed_key": [],
            "delegated_subnet_id": "/subscriptions/8739f36d-486d-45cf-aa9e-28febb42fd1e/resourceGroups/staging-v2/providers/Microsoft.Network/virtualNetworks/atlos-staging-v1-platform-vnet/subnets/atlos-staging-v1-platform-sn-storage",
            "fqdn": "atlos-staging-v1-platform-psqlflexibleserver.postgres.database.azure.com",
            "geo_redundant_backup_enabled": true,
            "high_availability": [],
            "id": "/subscriptions/8739f36d-486d-45cf-aa9e-28febb42fd1e/resourceGroups/staging-v2/providers/Microsoft.DBforPostgreSQL/flexibleServers/atlos-staging-v1-platform-psqlflexibleserver",
            "identity": [],
            "location": "eastus2",
            "maintenance_window": [],
            "name": "atlos-staging-v1-platform-psqlflexibleserver",
            "point_in_time_restore_time_in_utc": null,
            "private_dns_zone_id": "/subscriptions/8739f36d-486d-45cf-aa9e-28febb42fd1e/resourceGroups/staging-v2/providers/Microsoft.Network/privateDnsZones/atlos-staging-v1-platform-database.postgres.database.azure.com",
            "public_network_access_enabled": false,
            "replication_role": "",
            "resource_group_name": "staging-v2",
            "sku_name": "GP_Standard_D2ds_v4",
            "source_server_id": null,
            "storage_mb": 32768,
            "tags": null,
            "timeouts": null,
            "version": "15",
            "zone": "2"
          },
          "sensitive_attributes": [],
          "private": "eyJlMmJmYjczMC1lY2FhLTExZTYtOGY4OC0zNDM2M2JjN2M0YzAiOnsiY3JlYXRlIjozNjAwMDAwMDAwMDAwLCJkZWxldGUiOjM2MDAwMDAwMDAwMDAsInJlYWQiOjMwMDAwMDAwMDAwMCwidXBkYXRlIjozNjAwMDAwMDAwMDAwfX0=",
          "dependencies": [
            "azurerm_private_dns_zone.database_zone",
            "azurerm_private_dns_zone_virtual_network_link.database_zone_link",
            "azurerm_resource_group.rg",
            "azurerm_subnet.postgres_storage_subnet",
            "azurerm_virtual_network.vnet"
          ]
        }
      ]
    },
    {
      "mode": "managed",
      "type": "azurerm_private_dns_zone",
      "name": "database_zone",
      "provider": "provider[\"registry.terraform.io/hashicorp/azurerm\"]",
      "instances": [
        {
          "schema_version": 0,
          "attributes": {
            "id": "/subscriptions/8739f36d-486d-45cf-aa9e-28febb42fd1e/resourceGroups/staging-v2/providers/Microsoft.Network/privateDnsZones/atlos-staging-v1-platform-database.postgres.database.azure.com",
            "max_number_of_record_sets": 25000,
            "max_number_of_virtual_network_links": 1000,
            "max_number_of_virtual_network_links_with_registration": 100,
            "name": "atlos-staging-v1-platform-database.postgres.database.azure.com",
            "number_of_record_sets": 1,
            "resource_group_name": "staging-v2",
            "soa_record": [
              {
                "email": "azureprivatedns-host.microsoft.com",
                "expire_time": 2419200,
                "fqdn": "atlos-staging-v1-platform-database.postgres.database.azure.com.",
                "host_name": "azureprivatedns.net",
                "minimum_ttl": 10,
                "refresh_time": 3600,
                "retry_time": 300,
                "serial_number": 1,
                "tags": {},
                "ttl": 3600
              }
            ],
            "tags": null,
            "timeouts": null
          },
          "sensitive_attributes": [],
          "private": "eyJlMmJmYjczMC1lY2FhLTExZTYtOGY4OC0zNDM2M2JjN2M0YzAiOnsiY3JlYXRlIjoxODAwMDAwMDAwMDAwLCJkZWxldGUiOjE4MDAwMDAwMDAwMDAsInJlYWQiOjMwMDAwMDAwMDAwMCwidXBkYXRlIjoxODAwMDAwMDAwMDAwfX0=",
          "dependencies": [
            "azurerm_resource_group.rg"
          ]
        }
      ]
    },
    {
      "mode": "managed",
      "type": "azurerm_private_dns_zone_virtual_network_link",
      "name": "database_zone_link",
      "provider": "provider[\"registry.terraform.io/hashicorp/azurerm\"]",
      "instances": [
        {
          "schema_version": 0,
          "attributes": {
            "id": "/subscriptions/8739f36d-486d-45cf-aa9e-28febb42fd1e/resourceGroups/staging-v2/providers/Microsoft.Network/privateDnsZones/atlos-staging-v1-platform-database.postgres.database.azure.com/virtualNetworkLinks/atlos-staging-v1-database-zone-link",
            "name": "atlos-staging-v1-database-zone-link",
            "private_dns_zone_name": "atlos-staging-v1-platform-database.postgres.database.azure.com",
            "registration_enabled": false,
            "resource_group_name": "staging-v2",
            "tags": null,
            "timeouts": null,
            "virtual_network_id": "/subscriptions/8739f36d-486d-45cf-aa9e-28febb42fd1e/resourceGroups/staging-v2/providers/Microsoft.Network/virtualNetworks/atlos-staging-v1-platform-vnet"
          },
          "sensitive_attributes": [],
          "private": "eyJlMmJmYjczMC1lY2FhLTExZTYtOGY4OC0zNDM2M2JjN2M0YzAiOnsiY3JlYXRlIjoxODAwMDAwMDAwMDAwLCJkZWxldGUiOjE4MDAwMDAwMDAwMDAsInJlYWQiOjMwMDAwMDAwMDAwMCwidXBkYXRlIjoxODAwMDAwMDAwMDAwfX0=",
          "dependencies": [
            "azurerm_private_dns_zone.database_zone",
            "azurerm_resource_group.rg",
            "azurerm_virtual_network.vnet"
          ]
        }
      ]
    },
    {
      "mode": "managed",
      "type": "azurerm_resource_group",
      "name": "rg",
      "provider": "provider[\"registry.terraform.io/hashicorp/azurerm\"]",
      "instances": [
        {
          "schema_version": 0,
          "attributes": {
            "id": "/subscriptions/8739f36d-486d-45cf-aa9e-28febb42fd1e/resourceGroups/staging-v2",
            "location": "eastus2",
            "managed_by": "",
            "name": "staging-v2",
            "tags": null,
            "timeouts": null
          },
          "sensitive_attributes": [],
          "private": "eyJlMmJmYjczMC1lY2FhLTExZTYtOGY4OC0zNDM2M2JjN2M0YzAiOnsiY3JlYXRlIjo1NDAwMDAwMDAwMDAwLCJkZWxldGUiOjU0MDAwMDAwMDAwMDAsInJlYWQiOjMwMDAwMDAwMDAwMCwidXBkYXRlIjo1NDAwMDAwMDAwMDAwfX0="
        }
      ]
    },
    {
      "mode": "managed",
      "type": "azurerm_subnet",
      "name": "postgres_storage_subnet",
      "provider": "provider[\"registry.terraform.io/hashicorp/azurerm\"]",
      "instances": [
        {
          "schema_version": 0,
          "attributes": {
            "address_prefixes": [
              "10.0.2.0/24"
            ],
            "delegation": [
              {
                "name": "fs",
                "service_delegation": [
                  {
                    "actions": [
                      "Microsoft.Network/virtualNetworks/subnets/join/action"
                    ],
                    "name": "Microsoft.DBforPostgreSQL/flexibleServers"
                  }
                ]
              }
            ],
            "enforce_private_link_endpoint_network_policies": false,
            "enforce_private_link_service_network_policies": false,
            "id": "/subscriptions/8739f36d-486d-45cf-aa9e-28febb42fd1e/resourceGroups/staging-v2/providers/Microsoft.Network/virtualNetworks/atlos-staging-v1-platform-vnet/subnets/atlos-staging-v1-platform-sn-storage",
            "name": "atlos-staging-v1-platform-sn-storage",
            "private_endpoint_network_policies_enabled": true,
            "private_link_service_network_policies_enabled": true,
            "resource_group_name": "staging-v2",
            "service_endpoint_policy_ids": null,
            "service_endpoints": [
              "Microsoft.Storage"
            ],
            "timeouts": null,
            "virtual_network_name": "atlos-staging-v1-platform-vnet"
          },
          "sensitive_attributes": [],
          "private": "eyJlMmJmYjczMC1lY2FhLTExZTYtOGY4OC0zNDM2M2JjN2M0YzAiOnsiY3JlYXRlIjoxODAwMDAwMDAwMDAwLCJkZWxldGUiOjE4MDAwMDAwMDAwMDAsInJlYWQiOjMwMDAwMDAwMDAwMCwidXBkYXRlIjoxODAwMDAwMDAwMDAwfX0=",
          "dependencies": [
            "azurerm_resource_group.rg",
            "azurerm_virtual_network.vnet"
          ]
        }
      ]
    },
    {
      "mode": "managed",
      "type": "azurerm_virtual_network",
      "name": "vnet",
      "provider": "provider[\"registry.terraform.io/hashicorp/azurerm\"]",
      "instances": [
        {
          "schema_version": 0,
          "attributes": {
            "address_space": [
              "10.0.0.0/16"
            ],
            "bgp_community": "",
            "ddos_protection_plan": [],
            "dns_servers": [],
            "edge_zone": "",
            "encryption": [],
            "flow_timeout_in_minutes": 0,
            "guid": "613a9ed2-1574-4e3b-a585-2a52817cd46d",
            "id": "/subscriptions/8739f36d-486d-45cf-aa9e-28febb42fd1e/resourceGroups/staging-v2/providers/Microsoft.Network/virtualNetworks/atlos-staging-v1-platform-vnet",
            "location": "eastus2",
            "name": "atlos-staging-v1-platform-vnet",
            "resource_group_name": "staging-v2",
            "subnet": [],
            "tags": null,
            "timeouts": null
          },
          "sensitive_attributes": [],
          "private": "eyJlMmJmYjczMC1lY2FhLTExZTYtOGY4OC0zNDM2M2JjN2M0YzAiOnsiY3JlYXRlIjoxODAwMDAwMDAwMDAwLCJkZWxldGUiOjE4MDAwMDAwMDAwMDAsInJlYWQiOjMwMDAwMDAwMDAwMCwidXBkYXRlIjoxODAwMDAwMDAwMDAwfX0=",
          "dependencies": [
            "azurerm_resource_group.rg"
          ]
        }
      ]
    }
  ],
  "check_results": null
}
