github.com/hugomods/images v0.8.3 h1:tvccLmr4ydDw2rWtfRJUuXbDMYzoK9eB2HRTfVFi8to=
github.com/hugomods/images v0.8.3/go.mod h1:U6Gwj16LKvk66rOMyGFrnF6f0aV8lT89lqOsckOAjYY=
github.com/imfing/hextra v0.5.2 h1:ak88BRsxTLjf3JO8jcHfFFzIvZAW0XTzA9IWOdkPmXQ=
github.com/imfing/hextra v0.5.2/go.mod h1:cEfel3lU/bSx7lTE/+uuR4GJaphyOyiwNR3PTqFTXpI=
